// !$*UTF8*$!
{
	archiveVersion = 1;
	classes = {
	};
	objectVersion = 55;
	objects = {

/* Begin PBXBuildFile section */
		4FB17EC32878B654001B402E /* Tests_iOS.swift in Sources */ = {isa = PBXBuildFile; fileRef = 4FB17EC22878B654001B402E /* Tests_iOS.swift */; };
		4FB17EC52878B654001B402E /* Tests_iOSLaunchTests.swift in Sources */ = {isa = PBXBuildFile; fileRef = 4FB17EC42878B654001B402E /* Tests_iOSLaunchTests.swift */; };
		4FB17ECF2878B654001B402E /* Tests_macOS.swift in Sources */ = {isa = PBXBuildFile; fileRef = 4FB17ECE2878B654001B402E /* Tests_macOS.swift */; };
		4FB17ED12878B654001B402E /* Tests_macOSLaunchTests.swift in Sources */ = {isa = PBXBuildFile; fileRef = 4FB17ED02878B654001B402E /* Tests_macOSLaunchTests.swift */; };
		4FB17ED22878B654001B402E /* TQIEasy_2App.swift in Sources */ = {isa = PBXBuildFile; fileRef = 4FB17EAA2878B651001B402E /* TQIEasy_2App.swift */; };
		4FB17ED32878B654001B402E /* TQIEasy_2App.swift in Sources */ = {isa = PBXBuildFile; fileRef = 4FB17EAA2878B651001B402E /* TQIEasy_2App.swift */; };
		4FB17ED42878B654001B402E /* ContentView.swift in Sources */ = {isa = PBXBuildFile; fileRef = 4FB17EAB2878B651001B402E /* ContentView.swift */; };
		4FB17ED52878B654001B402E /* ContentView.swift in Sources */ = {isa = PBXBuildFile; fileRef = 4FB17EAB2878B651001B402E /* ContentView.swift */; };
		4FB17ED62878B654001B402E /* Assets.xcassets in Resources */ = {isa = PBXBuildFile; fileRef = 4FB17EAC2878B653001B402E /* Assets.xcassets */; };
		4FB17ED72878B654001B402E /* Assets.xcassets in Resources */ = {isa = PBXBuildFile; fileRef = 4FB17EAC2878B653001B402E /* Assets.xcassets */; };
/* End PBXBuildFile section */

/* Begin PBXContainerItemProxy section */
		4FB17EBF2878B654001B402E /* PBXContainerItemProxy */ = {
			isa = PBXContainerItemProxy;
			containerPortal = 4FB17EA52878B651001B402E /* Project object */;
			proxyType = 1;
			remoteGlobalIDString = 4FB17EB02878B653001B402E;
			remoteInfo = "TQIEasy-2 (iOS)";
		};
		4FB17ECB2878B654001B402E /* PBXContainerItemProxy */ = {
			isa = PBXContainerItemProxy;
			containerPortal = 4FB17EA52878B651001B402E /* Project object */;
			proxyType = 1;
			remoteGlobalIDString = 4FB17EB62878B654001B402E;
			remoteInfo = "TQIEasy-2 (macOS)";
		};
/* End PBXContainerItemProxy section */

/* Begin PBXFileReference section */
		4FB17EAA2878B651001B402E /* TQIEasy_2App.swift */ = {isa = PBXFileReference; lastKnownFileType = sourcecode.swift; path = TQIEasy_2App.swift; sourceTree = "<group>"; };
		4FB17EAB2878B651001B402E /* ContentView.swift */ = {isa = PBXFileReference; lastKnownFileType = sourcecode.swift; path = ContentView.swift; sourceTree = "<group>"; };
		4FB17EAC2878B653001B402E /* Assets.xcassets */ = {isa = PBXFileReference; lastKnownFileType = folder.assetcatalog; path = Assets.xcassets; sourceTree = "<group>"; };
		4FB17EB12878B654001B402E /* TQIEasy-2.app */ = {isa = PBXFileReference; explicitFileType = wrapper.application; includeInIndex = 0; path = "TQIEasy-2.app"; sourceTree = BUILT_PRODUCTS_DIR; };
		4FB17EB72878B654001B402E /* TQIEasy-2.app */ = {isa = PBXFileReference; explicitFileType = wrapper.application; includeInIndex = 0; path = "TQIEasy-2.app"; sourceTree = BUILT_PRODUCTS_DIR; };
		4FB17EB92878B654001B402E /* macOS.entitlements */ = {isa = PBXFileReference; lastKnownFileType = text.plist.entitlements; path = macOS.entitlements; sourceTree = "<group>"; };
		4FB17EBE2878B654001B402E /* Tests iOS.xctest */ = {isa = PBXFileReference; explicitFileType = wrapper.cfbundle; includeInIndex = 0; path = "Tests iOS.xctest"; sourceTree = BUILT_PRODUCTS_DIR; };
		4FB17EC22878B654001B402E /* Tests_iOS.swift */ = {isa = PBXFileReference; lastKnownFileType = sourcecode.swift; path = Tests_iOS.swift; sourceTree = "<group>"; };
		4FB17EC42878B654001B402E /* Tests_iOSLaunchTests.swift */ = {isa = PBXFileReference; lastKnownFileType = sourcecode.swift; path = Tests_iOSLaunchTests.swift; sourceTree = "<group>"; };
		4FB17ECA2878B654001B402E /* Tests macOS.xctest */ = {isa = PBXFileReference; explicitFileType = wrapper.cfbundle; includeInIndex = 0; path = "Tests macOS.xctest"; sourceTree = BUILT_PRODUCTS_DIR; };
		4FB17ECE2878B654001B402E /* Tests_macOS.swift */ = {isa = PBXFileReference; lastKnownFileType = sourcecode.swift; path = Tests_macOS.swift; sourceTree = "<group>"; };
		4FB17ED02878B654001B402E /* Tests_macOSLaunchTests.swift */ = {isa = PBXFileReference; lastKnownFileType = sourcecode.swift; path = Tests_macOSLaunchTests.swift; sourceTree = "<group>"; };
/* End PBXFileReference section */

/* Begin PBXFrameworksBuildPhase section */
		4FB17EAE2878B653001B402E /* Frameworks */ = {
			isa = PBXFrameworksBuildPhase;
			buildActionMask = 2147483647;
			files = (
			);
			runOnlyForDeploymentPostprocessing = 0;
		};
		4FB17EB42878B654001B402E /* Frameworks */ = {
			isa = PBXFrameworksBuildPhase;
			buildActionMask = 2147483647;
			files = (
			);
			runOnlyForDeploymentPostprocessing = 0;
		};
		4FB17EBB2878B654001B402E /* Frameworks */ = {
			isa = PBXFrameworksBuildPhase;
			buildActionMask = 2147483647;
			files = (
			);
			runOnlyForDeploymentPostprocessing = 0;
		};
		4FB17EC72878B654001B402E /* Frameworks */ = {
			isa = PBXFrameworksBuildPhase;
			buildActionMask = 2147483647;
			files = (
			);
			runOnlyForDeploymentPostprocessing = 0;
		};
/* End PBXFrameworksBuildPhase section */

/* Begin PBXGroup section */
		4FB17EA42878B651001B402E = {
			isa = PBXGroup;
			children = (
				4FB17EA92878B651001B402E /* Shared */,
				4FB17EB82878B654001B402E /* macOS */,
				4FB17EC12878B654001B402E /* Tests iOS */,
				4FB17ECD2878B654001B402E /* Tests macOS */,
				4FB17EB22878B654001B402E /* Products */,
			);
			sourceTree = "<group>";
		};
		4FB17EA92878B651001B402E /* Shared */ = {
			isa = PBXGroup;
			children = (
				4FB17EAA2878B651001B402E /* TQIEasy_2App.swift */,
				4FB17EAB2878B651001B402E /* ContentView.swift */,
				4FB17EAC2878B653001B402E /* Assets.xcassets */,
			);
			path = Shared;
			sourceTree = "<group>";
		};
		4FB17EB22878B654001B402E /* Products */ = {
			isa = PBXGroup;
			children = (
				4FB17EB12878B654001B402E /* TQIEasy-2.app */,
				4FB17EB72878B654001B402E /* TQIEasy-2.app */,
				4FB17EBE2878B654001B402E /* Tests iOS.xctest */,
				4FB17ECA2878B654001B402E /* Tests macOS.xctest */,
			);
			name = Products;
			sourceTree = "<group>";
		};
		4FB17EB82878B654001B402E /* macOS */ = {
			isa = PBXGroup;
			children = (
				4FB17EB92878B654001B402E /* macOS.entitlements */,
			);
			path = macOS;
			sourceTree = "<group>";
		};
		4FB17EC12878B654001B402E /* Tests iOS */ = {
			isa = PBXGroup;
			children = (
				4FB17EC22878B654001B402E /* Tests_iOS.swift */,
				4FB17EC42878B654001B402E /* Tests_iOSLaunchTests.swift */,
			);
			path = "Tests iOS";
			sourceTree = "<group>";
		};
		4FB17ECD2878B654001B402E /* Tests macOS */ = {
			isa = PBXGroup;
			children = (
				4FB17ECE2878B654001B402E /* Tests_macOS.swift */,
				4FB17ED02878B654001B402E /* Tests_macOSLaunchTests.swift */,
			);
			path = "Tests macOS";
			sourceTree = "<group>";
		};
/* End PBXGroup section */

/* Begin PBXNativeTarget section */
		4FB17EB02878B653001B402E /* TQIEasy-2 (iOS) */ = {
			isa = PBXNativeTarget;
			buildConfigurationList = 4FB17EDA2878B654001B402E /* Build configuration list for PBXNativeTarget "TQIEasy-2 (iOS)" */;
			buildPhases = (
				4FB17EAD2878B653001B402E /* Sources */,
				4FB17EAE2878B653001B402E /* Frameworks */,
				4FB17EAF2878B653001B402E /* Resources */,
			);
			buildRules = (
			);
			dependencies = (
			);
			name = "TQIEasy-2 (iOS)";
			productName = "TQIEasy-2 (iOS)";
			productReference = 4FB17EB12878B654001B402E /* TQIEasy-2.app */;
			productType = "com.apple.product-type.application";
		};
		4FB17EB62878B654001B402E /* TQIEasy-2 (macOS) */ = {
			isa = PBXNativeTarget;
			buildConfigurationList = 4FB17EDD2878B654001B402E /* Build configuration list for PBXNativeTarget "TQIEasy-2 (macOS)" */;
			buildPhases = (
				4FB17EB32878B654001B402E /* Sources */,
				4FB17EB42878B654001B402E /* Frameworks */,
				4FB17EB52878B654001B402E /* Resources */,
			);
			buildRules = (
			);
			dependencies = (
			);
			name = "TQIEasy-2 (macOS)";
			productName = "TQIEasy-2 (macOS)";
			productReference = 4FB17EB72878B654001B402E /* TQIEasy-2.app */;
			productType = "com.apple.product-type.application";
		};
		4FB17EBD2878B654001B402E /* Tests iOS */ = {
			isa = PBXNativeTarget;
			buildConfigurationList = 4FB17EE02878B654001B402E /* Build configuration list for PBXNativeTarget "Tests iOS" */;
			buildPhases = (
				4FB17EBA2878B654001B402E /* Sources */,
				4FB17EBB2878B654001B402E /* Frameworks */,
				4FB17EBC2878B654001B402E /* Resources */,
			);
			buildRules = (
			);
			dependencies = (
				4FB17EC02878B654001B402E /* PBXTargetDependency */,
			);
			name = "Tests iOS";
			productName = "Tests iOS";
			productReference = 4FB17EBE2878B654001B402E /* Tests iOS.xctest */;
			productType = "com.apple.product-type.bundle.ui-testing";
		};
		4FB17EC92878B654001B402E /* Tests macOS */ = {
			isa = PBXNativeTarget;
			buildConfigurationList = 4FB17EE32878B654001B402E /* Build configuration list for PBXNativeTarget "Tests macOS" */;
			buildPhases = (
				4FB17EC62878B654001B402E /* Sources */,
				4FB17EC72878B654001B402E /* Frameworks */,
				4FB17EC82878B654001B402E /* Resources */,
			);
			buildRules = (
			);
			dependencies = (
				4FB17ECC2878B654001B402E /* PBXTargetDependency */,
			);
			name = "Tests macOS";
			productName = "Tests macOS";
			productReference = 4FB17ECA2878B654001B402E /* Tests macOS.xctest */;
			productType = "com.apple.product-type.bundle.ui-testing";
		};
/* End PBXNativeTarget section */

/* Begin PBXProject section */
		4FB17EA52878B651001B402E /* Project object */ = {
			isa = PBXProject;
			attributes = {
				BuildIndependentTargetsInParallel = 1;
				LastSwiftUpdateCheck = 1310;
				LastUpgradeCheck = 1310;
				TargetAttributes = {
					4FB17EB02878B653001B402E = {
						CreatedOnToolsVersion = 13.1;
					};
					4FB17EB62878B654001B402E = {
						CreatedOnToolsVersion = 13.1;
					};
					4FB17EBD2878B654001B402E = {
						CreatedOnToolsVersion = 13.1;
						TestTargetID = 4FB17EB02878B653001B402E;
					};
					4FB17EC92878B654001B402E = {
						CreatedOnToolsVersion = 13.1;
						TestTargetID = 4FB17EB62878B654001B402E;
					};
				};
			};
			buildConfigurationList = 4FB17EA82878B651001B402E /* Build configuration list for PBXProject "TQIEasy-2" */;
			compatibilityVersion = "Xcode 13.0";
			developmentRegion = en;
			hasScannedForEncodings = 0;
			knownRegions = (
				en,
				Base,
			);
			mainGroup = 4FB17EA42878B651001B402E;
			productRefGroup = 4FB17EB22878B654001B402E /* Products */;
			projectDirPath = "";
			projectRoot = "";
			targets = (
				4FB17EB02878B653001B402E /* TQIEasy-2 (iOS) */,
				4FB17EB62878B654001B402E /* TQIEasy-2 (macOS) */,
				4FB17EBD2878B654001B402E /* Tests iOS */,
				4FB17EC92878B654001B402E /* Tests macOS */,
			);
		};
/* End PBXProject section */

/* Begin PBXResourcesBuildPhase section */
		4FB17EAF2878B653001B402E /* Resources */ = {
			isa = PBXResourcesBuildPhase;
			buildActionMask = 2147483647;
			files = (
				4FB17ED62878B654001B402E /* Assets.xcassets in Resources */,
			);
			runOnlyForDeploymentPostprocessing = 0;
		};
		4FB17EB52878B654001B402E /* Resources */ = {
			isa = PBXResourcesBuildPhase;
			buildActionMask = 2147483647;
			files = (
				4FB17ED72878B654001B402E /* Assets.xcassets in Resources */,
			);
			runOnlyForDeploymentPostprocessing = 0;
		};
		4FB17EBC2878B654001B402E /* Resources */ = {
			isa = PBXResourcesBuildPhase;
			buildActionMask = 2147483647;
			files = (
			);
			runOnlyForDeploymentPostprocessing = 0;
		};
		4FB17EC82878B654001B402E /* Resources */ = {
			isa = PBXResourcesBuildPhase;
			buildActionMask = 2147483647;
			files = (
			);
			runOnlyForDeploymentPostprocessing = 0;
		};
/* End PBXResourcesBuildPhase section */

/* Begin PBXSourcesBuildPhase section */
		4FB17EAD2878B653001B402E /* Sources */ = {
			isa = PBXSourcesBuildPhase;
			buildActionMask = 2147483647;
			files = (
				4FB17ED42878B654001B402E /* ContentView.swift in Sources */,
				4FB17ED22878B654001B402E /* TQIEasy_2App.swift in Sources */,
			);
			runOnlyForDeploymentPostprocessing = 0;
		};
		4FB17EB32878B654001B402E /* Sources */ = {
			isa = PBXSourcesBuildPhase;
			buildActionMask = 2147483647;
			files = (
				4FB17ED52878B654001B402E /* ContentView.swift in Sources */,
				4FB17ED32878B654001B402E /* TQIEasy_2App.swift in Sources */,
			);
			runOnlyForDeploymentPostprocessing = 0;
		};
		4FB17EBA2878B654001B402E /* Sources */ = {
			isa = PBXSourcesBuildPhase;
			buildActionMask = 2147483647;
			files = (
				4FB17EC52878B654001B402E /* Tests_iOSLaunchTests.swift in Sources */,
				4FB17EC32878B654001B402E /* Tests_iOS.swift in Sources */,
			);
			runOnlyForDeploymentPostprocessing = 0;
		};
		4FB17EC62878B654001B402E /* Sources */ = {
			isa = PBXSourcesBuildPhase;
			buildActionMask = 2147483647;
			files = (
				4FB17ED12878B654001B402E /* Tests_macOSLaunchTests.swift in Sources */,
				4FB17ECF2878B654001B402E /* Tests_macOS.swift in Sources */,
			);
			runOnlyForDeploymentPostprocessing = 0;
		};
/* End PBXSourcesBuildPhase section */

/* Begin PBXTargetDependency section */
		4FB17EC02878B654001B402E /* PBXTargetDependency */ = {
			isa = PBXTargetDependency;
			target = 4FB17EB02878B653001B402E /* TQIEasy-2 (iOS) */;
			targetProxy = 4FB17EBF2878B654001B402E /* PBXContainerItemProxy */;
		};
		4FB17ECC2878B654001B402E /* PBXTargetDependency */ = {
			isa = PBXTargetDependency;
			target = 4FB17EB62878B654001B402E /* TQIEasy-2 (macOS) */;
			targetProxy = 4FB17ECB2878B654001B402E /* PBXContainerItemProxy */;
		};
/* End PBXTargetDependency section */

/* Begin XCBuildConfiguration section */
		4FB17ED82878B654001B402E /* Debug */ = {
			isa = XCBuildConfiguration;
			buildSettings = {
				ALWAYS_SEARCH_USER_PATHS = NO;
				CLANG_ANALYZER_NONNULL = YES;
				CLANG_ANALYZER_NUMBER_OBJECT_CONVERSION = YES_AGGRESSIVE;
				CLANG_CXX_LANGUAGE_STANDARD = "gnu++17";
				CLANG_CXX_LIBRARY = "libc++";
				CLANG_ENABLE_MODULES = YES;
				CLANG_ENABLE_OBJC_ARC = YES;
				CLANG_ENABLE_OBJC_WEAK = YES;
				CLANG_WARN_BLOCK_CAPTURE_AUTORELEASING = YES;
				CLANG_WARN_BOOL_CONVERSION = YES;
				CLANG_WARN_COMMA = YES;
				CLANG_WARN_CONSTANT_CONVERSION = YES;
				CLANG_WARN_DEPRECATED_OBJC_IMPLEMENTATIONS = YES;
				CLANG_WARN_DIRECT_OBJC_ISA_USAGE = YES_ERROR;
				CLANG_WARN_DOCUMENTATION_COMMENTS = YES;
				CLANG_WARN_EMPTY_BODY = YES;
				CLANG_WARN_ENUM_CONVERSION = YES;
				CLANG_WARN_INFINITE_RECURSION = YES;
				CLANG_WARN_INT_CONVERSION = YES;
				CLANG_WARN_NON_LITERAL_NULL_CONVERSION = YES;
				CLANG_WARN_OBJC_IMPLICIT_RETAIN_SELF = YES;
				CLANG_WARN_OBJC_LITERAL_CONVERSION = YES;
				CLANG_WARN_OBJC_ROOT_CLASS = YES_ERROR;
				CLANG_WARN_QUOTED_INCLUDE_IN_FRAMEWORK_HEADER = YES;
				CLANG_WARN_RANGE_LOOP_ANALYSIS = YES;
				CLANG_WARN_STRICT_PROTOTYPES = YES;
				CLANG_WARN_SUSPICIOUS_MOVE = YES;
				CLANG_WARN_UNGUARDED_AVAILABILITY = YES_AGGRESSIVE;
				CLANG_WARN_UNREACHABLE_CODE = YES;
				CLANG_WARN__DUPLICATE_METHOD_MATCH = YES;
				COPY_PHASE_STRIP = NO;
				DEBUG_INFORMATION_FORMAT = dwarf;
				ENABLE_STRICT_OBJC_MSGSEND = YES;
				ENABLE_TESTABILITY = YES;
				GCC_C_LANGUAGE_STANDARD = gnu11;
				GCC_DYNAMIC_NO_PIC = NO;
				GCC_NO_COMMON_BLOCKS = YES;
				GCC_OPTIMIZATION_LEVEL = 0;
				GCC_PREPROCESSOR_DEFINITIONS = (
					"DEBUG=1",
					"$(inherited)",
				);
				GCC_WARN_64_TO_32_BIT_CONVERSION = YES;
				GCC_WARN_ABOUT_RETURN_TYPE = YES_ERROR;
				GCC_WARN_UNDECLARED_SELECTOR = YES;
				GCC_WARN_UNINITIALIZED_AUTOS = YES_AGGRESSIVE;
				GCC_WARN_UNUSED_FUNCTION = YES;
				GCC_WARN_UNUSED_VARIABLE = YES;
				MTL_ENABLE_DEBUG_INFO = INCLUDE_SOURCE;
				MTL_FAST_MATH = YES;
				ONLY_ACTIVE_ARCH = YES;
				SWIFT_ACTIVE_COMPILATION_CONDITIONS = DEBUG;
				SWIFT_OPTIMIZATION_LEVEL = "-Onone";
			};
			name = Debug;
		};
		4FB17ED92878B654001B402E /* Release */ = {
			isa = XCBuildConfiguration;
			buildSettings = {
				ALWAYS_SEARCH_USER_PATHS = NO;
				CLANG_ANALYZER_NONNULL = YES;
				CLANG_ANALYZER_NUMBER_OBJECT_CONVERSION = YES_AGGRESSIVE;
				CLANG_CXX_LANGUAGE_STANDARD = "gnu++17";
				CLANG_CXX_LIBRARY = "libc++";
				CLANG_ENABLE_MODULES = YES;
				CLANG_ENABLE_OBJC_ARC = YES;
				CLANG_ENABLE_OBJC_WEAK = YES;
				CLANG_WARN_BLOCK_CAPTURE_AUTORELEASING = YES;
				CLANG_WARN_BOOL_CONVERSION = YES;
				CLANG_WARN_COMMA = YES;
				CLANG_WARN_CONSTANT_CONVERSION = YES;
				CLANG_WARN_DEPRECATED_OBJC_IMPLEMENTATIONS = YES;
				CLANG_WARN_DIRECT_OBJC_ISA_USAGE = YES_ERROR;
				CLANG_WARN_DOCUMENTATION_COMMENTS = YES;
				CLANG_WARN_EMPTY_BODY = YES;
				CLANG_WARN_ENUM_CONVERSION = YES;
				CLANG_WARN_INFINITE_RECURSION = YES;
				CLANG_WARN_INT_CONVERSION = YES;
				CLANG_WARN_NON_LITERAL_NULL_CONVERSION = YES;
				CLANG_WARN_OBJC_IMPLICIT_RETAIN_SELF = YES;
				CLANG_WARN_OBJC_LITERAL_CONVERSION = YES;
				CLANG_WARN_OBJC_ROOT_CLASS = YES_ERROR;
				CLANG_WARN_QUOTED_INCLUDE_IN_FRAMEWORK_HEADER = YES;
				CLANG_WARN_RANGE_LOOP_ANALYSIS = YES;
				CLANG_WARN_STRICT_PROTOTYPES = YES;
				CLANG_WARN_SUSPICIOUS_MOVE = YES;
				CLANG_WARN_UNGUARDED_AVAILABILITY = YES_AGGRESSIVE;
				CLANG_WARN_UNREACHABLE_CODE = YES;
				CLANG_WARN__DUPLICATE_METHOD_MATCH = YES;
				COPY_PHASE_STRIP = NO;
				DEBUG_INFORMATION_FORMAT = "dwarf-with-dsym";
				ENABLE_NS_ASSERTIONS = NO;
				ENABLE_STRICT_OBJC_MSGSEND = YES;
				GCC_C_LANGUAGE_STANDARD = gnu11;
				GCC_NO_COMMON_BLOCKS = YES;
				GCC_WARN_64_TO_32_BIT_CONVERSION = YES;
				GCC_WARN_ABOUT_RETURN_TYPE = YES_ERROR;
				GCC_WARN_UNDECLARED_SELECTOR = YES;
				GCC_WARN_UNINITIALIZED_AUTOS = YES_AGGRESSIVE;
				GCC_WARN_UNUSED_FUNCTION = YES;
				GCC_WARN_UNUSED_VARIABLE = YES;
				MTL_ENABLE_DEBUG_INFO = NO;
				MTL_FAST_MATH = YES;
				SWIFT_COMPILATION_MODE = wholemodule;
				SWIFT_OPTIMIZATION_LEVEL = "-O";
			};
			name = Release;
		};
		4FB17EDB2878B654001B402E /* Debug */ = {
			isa = XCBuildConfiguration;
			buildSettings = {
				ASSETCATALOG_COMPILER_APPICON_NAME = AppIcon;
				ASSETCATALOG_COMPILER_GLOBAL_ACCENT_COLOR_NAME = AccentColor;
				CODE_SIGN_STYLE = Automatic;
				CURRENT_PROJECT_VERSION = 1;
				ENABLE_PREVIEWS = YES;
				GENERATE_INFOPLIST_FILE = YES;
				INFOPLIST_KEY_UIApplicationSceneManifest_Generation = YES;
				INFOPLIST_KEY_UIApplicationSupportsIndirectInputEvents = YES;
				INFOPLIST_KEY_UILaunchScreen_Generation = YES;
				INFOPLIST_KEY_UISupportedInterfaceOrientations_iPad = "UIInterfaceOrientationPortrait UIInterfaceOrientationPortraitUpsideDown UIInterfaceOrientationLandscapeLeft UIInterfaceOrientationLandscapeRight";
				INFOPLIST_KEY_UISupportedInterfaceOrientations_iPhone = "UIInterfaceOrientationPortrait UIInterfaceOrientationLandscapeLeft UIInterfaceOrientationLandscapeRight";
				IPHONEOS_DEPLOYMENT_TARGET = 15.0;
				LD_RUNPATH_SEARCH_PATHS = (
					"$(inherited)",
					"@executable_path/Frameworks",
				);
				MARKETING_VERSION = 1.0;
				PRODUCT_BUNDLE_IDENTIFIER = "br.com.tqi.TQIEasy-2";
				PRODUCT_NAME = "TQIEasy-2";
				SDKROOT = iphoneos;
				SWIFT_EMIT_LOC_STRINGS = YES;
				SWIFT_VERSION = 5.0;
				TARGETED_DEVICE_FAMILY = "1,2";
			};
			name = Debug;
		};
		4FB17EDC2878B654001B402E /* Release */ = {
			isa = XCBuildConfiguration;
			buildSettings = {
				ASSETCATALOG_COMPILER_APPICON_NAME = AppIcon;
				ASSETCATALOG_COMPILER_GLOBAL_ACCENT_COLOR_NAME = AccentColor;
				CODE_SIGN_STYLE = Automatic;
				CURRENT_PROJECT_VERSION = 1;
				ENABLE_PREVIEWS = YES;
				GENERATE_INFOPLIST_FILE = YES;
				INFOPLIST_KEY_UIApplicationSceneManifest_Generation = YES;
				INFOPLIST_KEY_UIApplicationSupportsIndirectInputEvents = YES;
				INFOPLIST_KEY_UILaunchScreen_Generation = YES;
				INFOPLIST_KEY_UISupportedInterfaceOrientations_iPad = "UIInterfaceOrientationPortrait UIInterfaceOrientationPortraitUpsideDown UIInterfaceOrientationLandscapeLeft UIInterfaceOrientationLandscapeRight";
				INFOPLIST_KEY_UISupportedInterfaceOrientations_iPhone = "UIInterfaceOrientationPortrait UIInterfaceOrientationLandscapeLeft UIInterfaceOrientationLandscapeRight";
				IPHONEOS_DEPLOYMENT_TARGET = 15.0;
				LD_RUNPATH_SEARCH_PATHS = (
					"$(inherited)",
					"@executable_path/Frameworks",
				);
				MARKETING_VERSION = 1.0;
				PRODUCT_BUNDLE_IDENTIFIER = "br.com.tqi.TQIEasy-2";
				PRODUCT_NAME = "TQIEasy-2";
				SDKROOT = iphoneos;
				SWIFT_EMIT_LOC_STRINGS = YES;
				SWIFT_VERSION = 5.0;
				TARGETED_DEVICE_FAMILY = "1,2";
				VALIDATE_PRODUCT = YES;
			};
			name = Release;
		};
		4FB17EDE2878B654001B402E /* Debug */ = {
			isa = XCBuildConfiguration;
			buildSettings = {
				ASSETCATALOG_COMPILER_APPICON_NAME = AppIcon;
				ASSETCATALOG_COMPILER_GLOBAL_ACCENT_COLOR_NAME = AccentColor;
				CODE_SIGN_ENTITLEMENTS = macOS/macOS.entitlements;
				CODE_SIGN_STYLE = Automatic;
				COMBINE_HIDPI_IMAGES = YES;
				CURRENT_PROJECT_VERSION = 1;
				ENABLE_PREVIEWS = YES;
				GENERATE_INFOPLIST_FILE = YES;
				INFOPLIST_KEY_NSHumanReadableCopyright = "";
				LD_RUNPATH_SEARCH_PATHS = (
					"$(inherited)",
					"@executable_path/../Frameworks",
				);
				MACOSX_DEPLOYMENT_TARGET = 12.0;
				MARKETING_VERSION = 1.0;
				PRODUCT_BUNDLE_IDENTIFIER = "br.com.tqi.TQIEasy-2";
				PRODUCT_NAME = "TQIEasy-2";
				SDKROOT = macosx;
				SWIFT_EMIT_LOC_STRINGS = YES;
				SWIFT_VERSION = 5.0;
			};
			name = Debug;
		};
		4FB17EDF2878B654001B402E /* Release */ = {
			isa = XCBuildConfiguration;
			buildSettings = {
				ASSETCATALOG_COMPILER_APPICON_NAME = AppIcon;
				ASSETCATALOG_COMPILER_GLOBAL_ACCENT_COLOR_NAME = AccentColor;
				CODE_SIGN_ENTITLEMENTS = macOS/macOS.entitlements;
				CODE_SIGN_STYLE = Automatic;
				COMBINE_HIDPI_IMAGES = YES;
				CURRENT_PROJECT_VERSION = 1;
				ENABLE_PREVIEWS = YES;
				GENERATE_INFOPLIST_FILE = YES;
				INFOPLIST_KEY_NSHumanReadableCopyright = "";
				LD_RUNPATH_SEARCH_PATHS = (
					"$(inherited)",
					"@executable_path/../Frameworks",
				);
				MACOSX_DEPLOYMENT_TARGET = 12.0;
				MARKETING_VERSION = 1.0;
				PRODUCT_BUNDLE_IDENTIFIER = "br.com.tqi.TQIEasy-2";
				PRODUCT_NAME = "TQIEasy-2";
				SDKROOT = macosx;
				SWIFT_EMIT_LOC_STRINGS = YES;
				SWIFT_VERSION = 5.0;
			};
			name = Release;
		};
		4FB17EE12878B654001B402E /* Debug */ = {
			isa = XCBuildConfiguration;
			buildSettings = {
				ALWAYS_EMBED_SWIFT_STANDARD_LIBRARIES = YES;
				CODE_SIGN_STYLE = Automatic;
				CURRENT_PROJECT_VERSION = 1;
				GENERATE_INFOPLIST_FILE = YES;
				IPHONEOS_DEPLOYMENT_TARGET = 15.0;
				LD_RUNPATH_SEARCH_PATHS = (
					"$(inherited)",
					"@executable_path/Frameworks",
					"@loader_path/Frameworks",
				);
				MARKETING_VERSION = 1.0;
				PRODUCT_BUNDLE_IDENTIFIER = "br.com.tqi.Tests-iOS";
				PRODUCT_NAME = "$(TARGET_NAME)";
				SDKROOT = iphoneos;
				SWIFT_EMIT_LOC_STRINGS = NO;
				SWIFT_VERSION = 5.0;
				TARGETED_DEVICE_FAMILY = "1,2";
				TEST_TARGET_NAME = "TQIEasy-2 (iOS)";
			};
			name = Debug;
		};
		4FB17EE22878B654001B402E /* Release */ = {
			isa = XCBuildConfiguration;
			buildSettings = {
				ALWAYS_EMBED_SWIFT_STANDARD_LIBRARIES = YES;
				CODE_SIGN_STYLE = Automatic;
				CURRENT_PROJECT_VERSION = 1;
				GENERATE_INFOPLIST_FILE = YES;
				IPHONEOS_DEPLOYMENT_TARGET = 15.0;
				LD_RUNPATH_SEARCH_PATHS = (
					"$(inherited)",
					"@executable_path/Frameworks",
					"@loader_path/Frameworks",
				);
				MARKETING_VERSION = 1.0;
				PRODUCT_BUNDLE_IDENTIFIER = "br.com.tqi.Tests-iOS";
				PRODUCT_NAME = "$(TARGET_NAME)";
				SDKROOT = iphoneos;
				SWIFT_EMIT_LOC_STRINGS = NO;
				SWIFT_VERSION = 5.0;
				TARGETED_DEVICE_FAMILY = "1,2";
				TEST_TARGET_NAME = "TQIEasy-2 (iOS)";
				VALIDATE_PRODUCT = YES;
			};
			name = Release;
		};
		4FB17EE42878B654001B402E /* Debug */ = {
			isa = XCBuildConfiguration;
			buildSettings = {
				ALWAYS_EMBED_SWIFT_STANDARD_LIBRARIES = YES;
				CODE_SIGN_STYLE = Automatic;
				COMBINE_HIDPI_IMAGES = YES;
				CURRENT_PROJECT_VERSION = 1;
				GENERATE_INFOPLIST_FILE = YES;
				LD_RUNPATH_SEARCH_PATHS = (
					"$(inherited)",
					"@executable_path/../Frameworks",
					"@loader_path/../Frameworks",
				);
				MACOSX_DEPLOYMENT_TARGET = 12.0;
				MARKETING_VERSION = 1.0;
				PRODUCT_BUNDLE_IDENTIFIER = "br.com.tqi.Tests-macOS";
				PRODUCT_NAME = "$(TARGET_NAME)";
				SDKROOT = macosx;
				SWIFT_EMIT_LOC_STRINGS = NO;
				SWIFT_VERSION = 5.0;
				TEST_TARGET_NAME = "TQIEasy-2 (macOS)";
			};
			name = Debug;
		};
		4FB17EE52878B654001B402E /* Release */ = {
			isa = XCBuildConfiguration;
			buildSettings = {
				ALWAYS_EMBED_SWIFT_STANDARD_LIBRARIES = YES;
				CODE_SIGN_STYLE = Automatic;
				COMBINE_HIDPI_IMAGES = YES;
				CURRENT_PROJECT_VERSION = 1;
				GENERATE_INFOPLIST_FILE = YES;
				LD_RUNPATH_SEARCH_PATHS = (
					"$(inherited)",
					"@executable_path/../Frameworks",
					"@loader_path/../Frameworks",
				);
				MACOSX_DEPLOYMENT_TARGET = 12.0;
				MARKETING_VERSION = 1.0;
				PRODUCT_BUNDLE_IDENTIFIER = "br.com.tqi.Tests-macOS";
				PRODUCT_NAME = "$(TARGET_NAME)";
				SDKROOT = macosx;
				SWIFT_EMIT_LOC_STRINGS = NO;
				SWIFT_VERSION = 5.0;
				TEST_TARGET_NAME = "TQIEasy-2 (macOS)";
			};
			name = Release;
		};
/* End XCBuildConfiguration section */

/* Begin XCConfigurationList section */
		4FB17EA82878B651001B402E /* Build configuration list for PBXProject "TQIEasy-2" */ = {
			isa = XCConfigurationList;
			buildConfigurations = (
				4FB17ED82878B654001B402E /* Debug */,
				4FB17ED92878B654001B402E /* Release */,
			);
			defaultConfigurationIsVisible = 0;
			defaultConfigurationName = Release;
		};
		4FB17EDA2878B654001B402E /* Build configuration list for PBXNativeTarget "TQIEasy-2 (iOS)" */ = {
			isa = XCConfigurationList;
			buildConfigurations = (
				4FB17EDB2878B654001B402E /* Debug */,
				4FB17EDC2878B654001B402E /* Release */,
			);
			defaultConfigurationIsVisible = 0;
			defaultConfigurationName = Release;
		};
		4FB17EDD2878B654001B402E /* Build configuration list for PBXNativeTarget "TQIEasy-2 (macOS)" */ = {
			isa = XCConfigurationList;
			buildConfigurations = (
				4FB17EDE2878B654001B402E /* Debug */,
				4FB17EDF2878B654001B402E /* Release */,
			);
			defaultConfigurationIsVisible = 0;
			defaultConfigurationName = Release;
		};
		4FB17EE02878B654001B402E /* Build configuration list for PBXNativeTarget "Tests iOS" */ = {
			isa = XCConfigurationList;
			buildConfigurations = (
				4FB17EE12878B654001B402E /* Debug */,
				4FB17EE22878B654001B402E /* Release */,
			);
			defaultConfigurationIsVisible = 0;
			defaultConfigurationName = Release;
		};
		4FB17EE32878B654001B402E /* Build configuration list for PBXNativeTarget "Tests macOS" */ = {
			isa = XCConfigurationList;
			buildConfigurations = (
				4FB17EE42878B654001B402E /* Debug */,
				4FB17EE52878B654001B402E /* Release */,
			);
			defaultConfigurationIsVisible = 0;
			defaultConfigurationName = Release;
		};
/* End XCConfigurationList section */
	};
	rootObject = 4FB17EA52878B651001B402E /* Project object */;
}
